
Microsoft Visual Studio Solution File, Format Version 11.00
# Visual Studio 2010
Project("{FAE04EC0-301F-11D3-BF4B-00C04F79EFBC}") = "AirMotorEcuController", "AirMotorEcuController.csproj", "{D7829563-FAE2-47F7-8E9D-43E916A08D4B}"
EndProject
Project("{FAE04EC0-301F-11D3-BF4B-00C04F79EFBC}") = "FiveVolt.Lib", "..\..\FiveVolt.Lib\FiveVolt.Lib.csproj", "{6B156D09-12C3-4D91-B25E-9A4F3E7AEFB2}"
EndProject
Global
	GlobalSection(SolutionConfigurationPlatforms) = preSolution
		Debug|Any CPU = Debug|Any CPU
		Debug|Mixed Platforms = Debug|Mixed Platforms
		Debug|x86 = Debug|x86
		Release|Any CPU = Release|Any CPU
		Release|Mixed Platforms = Release|Mixed Platforms
		Release|x86 = Release|x86
	EndGlobalSection
	GlobalSection(ProjectConfigurationPlatforms) = postSolution
		{D7829563-FAE2-47F7-8E9D-43E916A08D4B}.Debug|Any CPU.ActiveCfg = Debug|x86
		{D7829563-FAE2-47F7-8E9D-43E916A08D4B}.Debug|Mixed Platforms.ActiveCfg = Debug|x86
		{D7829563-FAE2-47F7-8E9D-43E916A08D4B}.Debug|Mixed Platforms.Build.0 = Debug|x86
		{D7829563-FAE2-47F7-8E9D-43E916A08D4B}.Debug|x86.ActiveCfg = Debug|x86
		{D7829563-FAE2-47F7-8E9D-43E916A08D4B}.Debug|x86.Build.0 = Debug|x86
		{D7829563-FAE2-47F7-8E9D-43E916A08D4B}.Release|Any CPU.ActiveCfg = Release|x86
		{D7829563-FAE2-47F7-8E9D-43E916A08D4B}.Release|Mixed Platforms.ActiveCfg = Release|x86
		{D7829563-FAE2-47F7-8E9D-43E916A08D4B}.Release|Mixed Platforms.Build.0 = Release|x86
		{D7829563-FAE2-47F7-8E9D-43E916A08D4B}.Release|x86.ActiveCfg = Release|x86
		{D7829563-FAE2-47F7-8E9D-43E916A08D4B}.Release|x86.Build.0 = Release|x86
		{6B156D09-12C3-4D91-B25E-9A4F3E7AEFB2}.Debug|Any CPU.ActiveCfg = Debug|Any CPU
		{6B156D09-12C3-4D91-B25E-9A4F3E7AEFB2}.Debug|Any CPU.Build.0 = Debug|Any CPU
		{6B156D09-12C3-4D91-B25E-9A4F3E7AEFB2}.Debug|Mixed Platforms.ActiveCfg = Debug|Any CPU
		{6B156D09-12C3-4D91-B25E-9A4F3E7AEFB2}.Debug|Mixed Platforms.Build.0 = Debug|Any CPU
		{6B156D09-12C3-4D91-B25E-9A4F3E7AEFB2}.Debug|x86.ActiveCfg = Debug|Any CPU
		{6B156D09-12C3-4D91-B25E-9A4F3E7AEFB2}.Release|Any CPU.ActiveCfg = Release|Any CPU
		{6B156D09-12C3-4D91-B25E-9A4F3E7AEFB2}.Release|Any CPU.Build.0 = Release|Any CPU
		{6B156D09-12C3-4D91-B25E-9A4F3E7AEFB2}.Release|Mixed Platforms.ActiveCfg = Release|Any CPU
		{6B156D09-12C3-4D91-B25E-9A4F3E7AEFB2}.Release|Mixed Platforms.Build.0 = Release|Any CPU
		{6B156D09-12C3-4D91-B25E-9A4F3E7AEFB2}.Release|x86.ActiveCfg = Release|Any CPU
	EndGlobalSection
	GlobalSection(SolutionProperties) = preSolution
		HideSolutionNode = FALSE
	EndGlobalSection
EndGlobal
